<?xml version="1.0" encoding="utf-8"?>
<Project ToolsVersion="4.0" xmlns="http://schemas.microsoft.com/developer/msbuild/2003">
  <ItemGroup>
    <Filter Include="源文件">
      <UniqueIdentifier>{4FC737F1-C7A5-4376-A066-2A32D752A2FF}</UniqueIdentifier>
      <Extensions>cpp;c;cc;cxx;c++;cppm;ixx;def;odl;idl;hpj;bat;asm;asmx</Extensions>
    </Filter>
    <Filter Include="头文件">
      <UniqueIdentifier>{93995380-89BD-4b04-88EB-625FBE52EBFB}</UniqueIdentifier>
      <Extensions>h;hh;hpp;hxx;h++;hm;inl;inc;ipp;xsd</Extensions>
    </Filter>
    <Filter Include="资源文件">
      <UniqueIdentifier>{67DA6AB6-F800-4c08-8B7A-83BB121AAD01}</UniqueIdentifier>
      <Extensions>rc;ico;cur;bmp;dlg;rc2;rct;bin;rgs;gif;jpg;jpeg;jpe;resx;tiff;tif;png;wav;mfcribbon-ms</Extensions>
    </Filter>
  </ItemGroup>
  <ItemGroup>
    <MASM Include="main.asm">
      <Filter>源文件</Filter>
    </MASM>
  </ItemGroup>
  <ItemGroup>
    <ClInclude Include="resource.h">
      <Filter>头文件</Filter>
    </ClInclude>
  </ItemGroup>
  <ItemGroup>
    <ResourceCompile Include="Minesweeper.rc">
      <Filter>资源文件</Filter>
    </ResourceCompile>
  </ItemGroup>
  <ItemGroup>
    <Image Include="Assets\mine.ico">
      <Filter>资源文件</Filter>
    </Image>
    <Image Include="Assets\mine2.ico">
      <Filter>资源文件</Filter>
    </Image>
    <Image Include="Assets\mine3.ico">
      <Filter>资源文件</Filter>
    </Image>
    <Image Include="Assets\smiley.ico">
      <Filter>资源文件</Filter>
    </Image>
    <Image Include="Assets\smiley1.ico">
      <Filter>资源文件</Filter>
    </Image>
    <Image Include="Assets\smiley2.ico">
      <Filter>资源文件</Filter>
    </Image>
    <Image Include="Assets\smiley3.ico">
      <Filter>资源文件</Filter>
    </Image>
    <Image Include="Assets\tile.ico">
      <Filter>资源文件</Filter>
    </Image>
    <Image Include="Assets\tile2.ico">
      <Filter>资源文件</Filter>
    </Image>
    <Image Include="Assets\tile3.ico">
      <Filter>资源文件</Filter>
    </Image>
    <Image Include="Assets\1.ico">
      <Filter>资源文件</Filter>
    </Image>
    <Image Include="Assets\2.ico">
      <Filter>资源文件</Filter>
    </Image>
    <Image Include="Assets\3.ico">
      <Filter>资源文件</Filter>
    </Image>
    <Image Include="Assets\4.ico">
      <Filter>资源文件</Filter>
    </Image>
    <Image Include="Assets\5.ico">
      <Filter>资源文件</Filter>
    </Image>
    <Image Include="Assets\6.ico">
      <Filter>资源文件</Filter>
    </Image>
    <Image Include="Assets\7.ico">
      <Filter>资源文件</Filter>
    </Image>
    <Image Include="Assets\8.ico">
      <Filter>资源文件</Filter>
    </Image>
    <Image Include="Assets\Number0.ico">
      <Filter>资源文件</Filter>
    </Image>
    <Image Include="Assets\Number1.ico">
      <Filter>资源文件</Filter>
    </Image>
    <Image Include="Assets\Number2.ico">
      <Filter>资源文件</Filter>
    </Image>
    <Image Include="Assets\Number3.ico">
      <Filter>资源文件</Filter>
    </Image>
    <Image Include="Assets\Number4.ico">
      <Filter>资源文件</Filter>
    </Image>
    <Image Include="Assets\Number5.ico">
      <Filter>资源文件</Filter>
    </Image>
    <Image Include="Assets\Number6.ico">
      <Filter>资源文件</Filter>
    </Image>
    <Image Include="Assets\Number7.ico">
      <Filter>资源文件</Filter>
    </Image>
    <Image Include="Assets\Number8.ico">
      <Filter>资源文件</Filter>
    </Image>
    <Image Include="Assets\Number9.ico">
      <Filter>资源文件</Filter>
    </Image>
  </ItemGroup>
  <ItemGroup>
    <Manifest Include="Minesweeper.manifest">
      <Filter>资源文件</Filter>
    </Manifest>
  </ItemGroup>
</Project>